
Microsoft Visual Studio Solution File, Format Version 12.00
# Visual Studio Version 17
VisualStudioVersion = 17.5.002.0
MinimumVisualStudioVersion = 10.0.40219.1
Project("{9A19103F-16F7-4668-BE54-9A1E7A4F7556}") = "Test1", "Test1.csproj", "{1543064B-CA8D-4DB5-80C3-0E95ACE31A5B}"
EndProject
Project("{2150E333-8FDC-42A3-9474-1A3956D46DE8}") = "auto-detect-file-extension-in-m3u8", "auto-detect-file-extension-in-m3u8", "{4A7E4984-1A04-4D16-8297-556DEADBB5BF}"
EndProject
Project("{FAE04EC0-301F-11D3-BF4B-00C04F79EFBC}") = "FileExtAutoDETECT", "auto-detect-file-extension-in-m3u8\FileExtAutoDETECT\FileExtAutoDETECT.csproj", "{A75DC6CD-FC03-4F1F-AB24-461713EEC73B}"
EndProject
Global
	GlobalSection(SolutionConfigurationPlatforms) = preSolution
		Debug|Any CPU = Debug|Any CPU
		Release|Any CPU = Release|Any CPU
	EndGlobalSection
	GlobalSection(ProjectConfigurationPlatforms) = postSolution
		{1543064B-CA8D-4DB5-80C3-0E95ACE31A5B}.Debug|Any CPU.ActiveCfg = Debug|Any CPU
		{1543064B-CA8D-4DB5-80C3-0E95ACE31A5B}.Debug|Any CPU.Build.0 = Debug|Any CPU
		{1543064B-CA8D-4DB5-80C3-0E95ACE31A5B}.Release|Any CPU.ActiveCfg = Release|Any CPU
		{1543064B-CA8D-4DB5-80C3-0E95ACE31A5B}.Release|Any CPU.Build.0 = Release|Any CPU
		{A75DC6CD-FC03-4F1F-AB24-461713EEC73B}.Debug|Any CPU.ActiveCfg = Debug|Any CPU
		{A75DC6CD-FC03-4F1F-AB24-461713EEC73B}.Debug|Any CPU.Build.0 = Debug|Any CPU
		{A75DC6CD-FC03-4F1F-AB24-461713EEC73B}.Release|Any CPU.ActiveCfg = Release|Any CPU
		{A75DC6CD-FC03-4F1F-AB24-461713EEC73B}.Release|Any CPU.Build.0 = Release|Any CPU
	EndGlobalSection
	GlobalSection(SolutionProperties) = preSolution
		HideSolutionNode = FALSE
	EndGlobalSection
	GlobalSection(ExtensibilityGlobals) = postSolution
		SolutionGuid = {113B94CC-24F4-4DBF-AFDC-9885DB9C14D0}
	EndGlobalSection
	GlobalSection(NestedProjects) = preSolution
		{A75DC6CD-FC03-4F1F-AB24-461713EEC73B} = {4A7E4984-1A04-4D16-8297-556DEADBB5BF}
	EndGlobalSection
EndGlobal
